{
  "name": "lint-staged-tsc",
  "version": "0.0.0",
  "lockfileVersion": 2,
  "requires": true,
  "packages": {
    "": {
      "name": "lint-staged-tsc",
      "version": "0.0.0",
      "license": "MIT",
      "bin": {
        "lint-staged-tsc": "cli.js"
      },
      "devDependencies": {
        "@types/node": "^16.18.39",
        "tsc-files": "^1.1.4",
        "typescript": "^5.1.6"
      },
      "peerDependencies": {
        "tsc-files": ">1",
        "typescript": ">3"
      }
    },
    "node_modules/@types/node": {
      "version": "16.18.39",
      "resolved": "https://registry.npmjs.org/@types/node/-/node-16.18.39.tgz",
      "integrity": "sha512-8q9ZexmdYYyc5/cfujaXb4YOucpQxAV4RMG0himLyDUOEr8Mr79VrqsFI+cQ2M2h89YIuy95lbxuYjxT4Hk4kQ==",
      "dev": true
    },
    "node_modules/tsc-files": {
      "version": "1.1.4",
      "resolved": "https://registry.npmjs.org/tsc-files/-/tsc-files-1.1.4.tgz",
      "integrity": "sha512-RePsRsOLru3BPpnf237y1Xe1oCGta8rmSYzM76kYo5tLGsv5R2r3s64yapYorGTPuuLyfS9NVbh9ydzmvNie2w==",
      "dev": true,
      "bin": {
        "tsc-files": "cli.js"
      },
      "peerDependencies": {
        "typescript": ">=3"
      }
    },
    "node_modules/typescript": {
      "version": "5.1.6",
      "resolved": "https://registry.npmjs.org/typescript/-/typescript-5.1.6.tgz",
      "integrity": "sha512-zaWCozRZ6DLEWAWFrVDz1H6FVXzUSfTy5FUMWsQlU8Ym5JP9eO4xkTIROFCQvhQf61z6O/G6ugw3SgAnvvm+HA==",
      "dev": true,
      "bin": {
        "tsc": "bin/tsc",
        "tsserver": "bin/tsserver"
      },
      "engines": {
        "node": ">=14.17"
      }
    }
  },
  "dependencies": {
    "@types/node": {
      "version": "16.18.39",
      "resolved": "https://registry.npmjs.org/@types/node/-/node-16.18.39.tgz",
      "integrity": "sha512-8q9ZexmdYYyc5/cfujaXb4YOucpQxAV4RMG0himLyDUOEr8Mr79VrqsFI+cQ2M2h89YIuy95lbxuYjxT4Hk4kQ==",
      "dev": true
    },
    "tsc-files": {
      "version": "1.1.4",
      "resolved": "https://registry.npmjs.org/tsc-files/-/tsc-files-1.1.4.tgz",
      "integrity": "sha512-RePsRsOLru3BPpnf237y1Xe1oCGta8rmSYzM76kYo5tLGsv5R2r3s64yapYorGTPuuLyfS9NVbh9ydzmvNie2w==",
      "dev": true,
      "requires": {}
    },
    "typescript": {
      "version": "5.1.6",
      "resolved": "https://registry.npmjs.org/typescript/-/typescript-5.1.6.tgz",
      "integrity": "sha512-zaWCozRZ6DLEWAWFrVDz1H6FVXzUSfTy5FUMWsQlU8Ym5JP9eO4xkTIROFCQvhQf61z6O/G6ugw3SgAnvvm+HA==",
      "dev": true
    }
  }
}
